PODS:
  - ASValueTrackingSlider (0.9.3)
  - BCMeshTransformView (0.8.1)
  - GeoJSONSerialization (0.0.3)
  - MKPolygon-GPC (0.0.1)

DEPENDENCIES:
  - ASValueTrackingSlider
  - BCMeshTransformView
  - GeoJSONSerialization
  - MKPolygon-GPC

SPEC CHECKSUMS:
  ASValueTrackingSlider: e83d12c6ec9b179608272b7f69db2621c45cce1b
  BCMeshTransformView: 26a6b973338a900fc63e37d9e51a719e72aef3a5
  GeoJSONSerialization: 9aeedd4faf47037ddba0467366b4e620739f2877
  MKPolygon-GPC: ecc204ab024b5f70caa1487b4a87c2ba4599d075

COCOAPODS: 0.33.1
