// !$*UTF8*$!
{
	archiveVersion = 1;
	classes = {
	};
	objectVersion = 46;
	objects = {

/* Begin PBXBuildFile section */
		629A62501923ECAA00DECB67 /* SwipeViewController.m in Sources */ = {isa = PBXBuildFile; fileRef = 629A624F1923ECAA00DECB67 /* SwipeViewController.m */; };
		629A62531923EF9500DECB67 /* osterdeich-bremen-strandpromenade.jpg in Resources */ = {isa = PBXBuildFile; fileRef = 629A62511923EF9500DECB67 /* osterdeich-bremen-strandpromenade.jpg */; };
		629A62541923EF9500DECB67 /* osterdeich-bremen.jpg in Resources */ = {isa = PBXBuildFile; fileRef = 629A62521923EF9500DECB67 /* osterdeich-bremen.jpg */; };
		629A62561923F1D700DECB67 /* CoreImage.framework in Frameworks */ = {isa = PBXBuildFile; fileRef = 629A62551923F1D700DECB67 /* CoreImage.framework */; };
		62B1C3B1190D420D0027A90F /* Foundation.framework in Frameworks */ = {isa = PBXBuildFile; fileRef = 62B1C3B0190D420D0027A90F /* Foundation.framework */; };
		62B1C3B3190D420D0027A90F /* CoreGraphics.framework in Frameworks */ = {isa = PBXBuildFile; fileRef = 62B1C3B2190D420D0027A90F /* CoreGraphics.framework */; };
		62B1C3B5190D420D0027A90F /* UIKit.framework in Frameworks */ = {isa = PBXBuildFile; fileRef = 62B1C3B4190D420D0027A90F /* UIKit.framework */; };
		62B1C3BB190D420D0027A90F /* InfoPlist.strings in Resources */ = {isa = PBXBuildFile; fileRef = 62B1C3B9190D420D0027A90F /* InfoPlist.strings */; };
		62B1C3BD190D420D0027A90F /* main.m in Sources */ = {isa = PBXBuildFile; fileRef = 62B1C3BC190D420D0027A90F /* main.m */; };
		62B1C3C1190D420D0027A90F /* AppDelegate.m in Sources */ = {isa = PBXBuildFile; fileRef = 62B1C3C0190D420D0027A90F /* AppDelegate.m */; };
		62B1C3C7190D420D0027A90F /* Main_iPad.storyboard in Resources */ = {isa = PBXBuildFile; fileRef = 62B1C3C5190D420D0027A90F /* Main_iPad.storyboard */; };
		62B1C3CA190D420D0027A90F /* MapViewController.m in Sources */ = {isa = PBXBuildFile; fileRef = 62B1C3C9190D420D0027A90F /* MapViewController.m */; };
		62B1C3CC190D420D0027A90F /* Images.xcassets in Resources */ = {isa = PBXBuildFile; fileRef = 62B1C3CB190D420D0027A90F /* Images.xcassets */; };
		62B1C3E9190D422A0027A90F /* MapKit.framework in Frameworks */ = {isa = PBXBuildFile; fileRef = 62B1C3E8190D422A0027A90F /* MapKit.framework */; };
		62FBF645190D438200D248B6 /* ImageAnnotationView.m in Sources */ = {isa = PBXBuildFile; fileRef = 62FBF644190D438200D248B6 /* ImageAnnotationView.m */; };
		62FBF64D190D6C2D00D248B6 /* ImageAnnotation.m in Sources */ = {isa = PBXBuildFile; fileRef = 62FBF64C190D6C2D00D248B6 /* ImageAnnotation.m */; };
		62FBF66D190D71D100D248B6 /* Zoo_Eingang-IV-64-1294-V.jpg in Resources */ = {isa = PBXBuildFile; fileRef = 62FBF64E190D71D100D248B6 /* Zoo_Eingang-IV-64-1294-V.jpg */; };
		62FBF66E190D71D100D248B6 /* Ufer_Stralauer_Strasse-GHZ-78-26.jpg in Resources */ = {isa = PBXBuildFile; fileRef = 62FBF64F190D71D100D248B6 /* Ufer_Stralauer_Strasse-GHZ-78-26.jpg */; };
		62FBF66F190D71D100D248B6 /* Schlossbrücke-VII-62-424-a-W.jpg in Resources */ = {isa = PBXBuildFile; fileRef = 62FBF650190D71D100D248B6 /* Schlossbrücke-VII-62-424-a-W.jpg */; };
		62FBF670190D71D100D248B6 /* Rathaus-IV-61-1537-S.jpg in Resources */ = {isa = PBXBuildFile; fileRef = 62FBF651190D71D100D248B6 /* Rathaus-IV-61-1537-S.jpg */; };
		62FBF671190D71D100D248B6 /* Platz_am_Zeughaus-VII-59-513-x.jpg in Resources */ = {isa = PBXBuildFile; fileRef = 62FBF652190D71D100D248B6 /* Platz_am_Zeughaus-VII-59-513-x.jpg */; };
		62FBF672190D71D100D248B6 /* Panorama_von_Berlin-GDR-64-11-108.jpg in Resources */ = {isa = PBXBuildFile; fileRef = 62FBF653190D71D100D248B6 /* Panorama_von_Berlin-GDR-64-11-108.jpg */; };
		62FBF673190D71D100D248B6 /* Nauener_Platz-GHZ-77-13.jpg in Resources */ = {isa = PBXBuildFile; fileRef = 62FBF654190D71D100D248B6 /* Nauener_Platz-GHZ-77-13.jpg */; };
		62FBF674190D71D100D248B6 /* Märkisches_Museum-GE-2007-638-VF.jpg in Resources */ = {isa = PBXBuildFile; fileRef = 62FBF655190D71D100D248B6 /* Märkisches_Museum-GE-2007-638-VF.jpg */; };
		62FBF675190D71D100D248B6 /* Mauerstrasse-Dreifaltigkeitskirche-GDR-71-67.jpg in Resources */ = {isa = PBXBuildFile; fileRef = 62FBF656190D71D100D248B6 /* Mauerstrasse-Dreifaltigkeitskirche-GDR-71-67.jpg */; };
		62FBF676190D71D100D248B6 /* Luiseninsel_Tiergarten-GDR-76-57-45.jpg in Resources */ = {isa = PBXBuildFile; fileRef = 62FBF657190D71D100D248B6 /* Luiseninsel_Tiergarten-GDR-76-57-45.jpg */; };
		62FBF677190D71D100D248B6 /* Leipziger_Platz-GDR-76-57-24.jpg in Resources */ = {isa = PBXBuildFile; fileRef = 62FBF658190D71D100D248B6 /* Leipziger_Platz-GDR-76-57-24.jpg */; };
		62FBF678190D71D100D248B6 /* Landwehrkanal-GHZ-90-61.jpg in Resources */ = {isa = PBXBuildFile; fileRef = 62FBF659190D71D100D248B6 /* Landwehrkanal-GHZ-90-61.jpg */; };
		62FBF679190D71D100D248B6 /* Landsbergerplatz-IV-61-3475-V.jpg in Resources */ = {isa = PBXBuildFile; fileRef = 62FBF65A190D71D100D248B6 /* Landsbergerplatz-IV-61-3475-V.jpg */; };
		62FBF67A190D71D100D248B6 /* Königsstrasse-VII-60-1489-W.jpg in Resources */ = {isa = PBXBuildFile; fileRef = 62FBF65B190D71D100D248B6 /* Königsstrasse-VII-60-1489-W.jpg */; };
		62FBF67B190D71D100D248B6 /* Köllnischer_Fischmarkt-VII-59-29-w.jpg in Resources */ = {isa = PBXBuildFile; fileRef = 62FBF65C190D71D100D248B6 /* Köllnischer_Fischmarkt-VII-59-29-w.jpg */; };
		62FBF67C190D71D100D248B6 /* Jerusalemkirche-GHZ-74-14.jpg in Resources */ = {isa = PBXBuildFile; fileRef = 62FBF65D190D71D100D248B6 /* Jerusalemkirche-GHZ-74-14.jpg */; };
		62FBF67D190D71D100D248B6 /* Hackescher_Markt-VII-67-294-W.jpg in Resources */ = {isa = PBXBuildFile; fileRef = 62FBF65E190D71D100D248B6 /* Hackescher_Markt-VII-67-294-W.jpg */; };
		62FBF67E190D71D100D248B6 /* Grunewaldturm-SM-2013-1297.jpg in Resources */ = {isa = PBXBuildFile; fileRef = 62FBF65F190D71D100D248B6 /* Grunewaldturm-SM-2013-1297.jpg */; };
		62FBF67F190D71D100D248B6 /* Fischerhütte-SM-2012-2093.jpg in Resources */ = {isa = PBXBuildFile; fileRef = 62FBF660190D71D100D248B6 /* Fischerhütte-SM-2012-2093.jpg */; };
		62FBF680190D71D100D248B6 /* Filmfestspiele_Kudamm-SM-2013-1519.jpg in Resources */ = {isa = PBXBuildFile; fileRef = 62FBF661190D71D100D248B6 /* Filmfestspiele_Kudamm-SM-2013-1519.jpg */; };
		62FBF681190D71D100D248B6 /* Einzug_des_Königs-GDR-64-11-216.jpg in Resources */ = {isa = PBXBuildFile; fileRef = 62FBF662190D71D100D248B6 /* Einzug_des_Königs-GDR-64-11-216.jpg */; };
		62FBF682190D71D100D248B6 /* Der_Ochsen-Platz-GDR-64-11-171.jpg in Resources */ = {isa = PBXBuildFile; fileRef = 62FBF663190D71D100D248B6 /* Der_Ochsen-Platz-GDR-64-11-171.jpg */; };
		62FBF683190D71D100D248B6 /* Das_Leipziger_Tor-GDR-74-55.jpg in Resources */ = {isa = PBXBuildFile; fileRef = 62FBF664190D71D100D248B6 /* Das_Leipziger_Tor-GDR-74-55.jpg */; };
		62FBF684190D71D100D248B6 /* Das_Brandenburger_Tor-GDR-65-7-1.jpg in Resources */ = {isa = PBXBuildFile; fileRef = 62FBF665190D71D100D248B6 /* Das_Brandenburger_Tor-GDR-65-7-1.jpg */; };
		62FBF685190D71D100D248B6 /* Cölln_Jungfernbrücke-GHZ-64-3-13.jpg in Resources */ = {isa = PBXBuildFile; fileRef = 62FBF666190D71D100D248B6 /* Cölln_Jungfernbrücke-GHZ-64-3-13.jpg */; };
		62FBF686190D71D100D248B6 /* Börse-IV-61-1531-S.jpg in Resources */ = {isa = PBXBuildFile; fileRef = 62FBF667190D71D100D248B6 /* Börse-IV-61-1531-S.jpg */; };
		62FBF687190D71D100D248B6 /* Blick_von_Oberbaumbrücke-VII-59-408-W.jpg in Resources */ = {isa = PBXBuildFile; fileRef = 62FBF668190D71D100D248B6 /* Blick_von_Oberbaumbrücke-VII-59-408-W.jpg */; };
		62FBF688190D71D100D248B6 /* Berlin_vom_Kreuzberg_aus-GDR-69-56.jpg in Resources */ = {isa = PBXBuildFile; fileRef = 62FBF669190D71D100D248B6 /* Berlin_vom_Kreuzberg_aus-GDR-69-56.jpg */; };
		62FBF689190D71D100D248B6 /* Avus_Funkturm-SM-2013-0958.jpg in Resources */ = {isa = PBXBuildFile; fileRef = 62FBF66A190D71D100D248B6 /* Avus_Funkturm-SM-2013-0958.jpg */; };
		62FBF68A190D71D100D248B6 /* Hamburger_Bahnhof-VII-97-341-a-W.jpg in Resources */ = {isa = PBXBuildFile; fileRef = 62FBF66B190D71D100D248B6 /* Hamburger_Bahnhof-VII-97-341-a-W.jpg */; };
		62FBF68B190D71D100D248B6 /* Rondell-GHZ-74-12.jpg in Resources */ = {isa = PBXBuildFile; fileRef = 62FBF66C190D71D100D248B6 /* Rondell-GHZ-74-12.jpg */; };
/* End PBXBuildFile section */

/* Begin PBXFileReference section */
		629A624E1923ECAA00DECB67 /* SwipeViewController.h */ = {isa = PBXFileReference; fileEncoding = 4; lastKnownFileType = sourcecode.c.h; path = SwipeViewController.h; sourceTree = "<group>"; };
		629A624F1923ECAA00DECB67 /* SwipeViewController.m */ = {isa = PBXFileReference; fileEncoding = 4; lastKnownFileType = sourcecode.c.objc; path = SwipeViewController.m; sourceTree = "<group>"; };
		629A62511923EF9500DECB67 /* osterdeich-bremen-strandpromenade.jpg */ = {isa = PBXFileReference; lastKnownFileType = image.jpeg; path = "osterdeich-bremen-strandpromenade.jpg"; sourceTree = "<group>"; };
		629A62521923EF9500DECB67 /* osterdeich-bremen.jpg */ = {isa = PBXFileReference; lastKnownFileType = image.jpeg; path = "osterdeich-bremen.jpg"; sourceTree = "<group>"; };
		629A62551923F1D700DECB67 /* CoreImage.framework */ = {isa = PBXFileReference; lastKnownFileType = wrapper.framework; name = CoreImage.framework; path = System/Library/Frameworks/CoreImage.framework; sourceTree = SDKROOT; };
		62B1C3AD190D420D0027A90F /* Coding Da Vinci.app */ = {isa = PBXFileReference; explicitFileType = wrapper.application; includeInIndex = 0; path = "Coding Da Vinci.app"; sourceTree = BUILT_PRODUCTS_DIR; };
		62B1C3B0190D420D0027A90F /* Foundation.framework */ = {isa = PBXFileReference; lastKnownFileType = wrapper.framework; name = Foundation.framework; path = System/Library/Frameworks/Foundation.framework; sourceTree = SDKROOT; };
		62B1C3B2190D420D0027A90F /* CoreGraphics.framework */ = {isa = PBXFileReference; lastKnownFileType = wrapper.framework; name = CoreGraphics.framework; path = System/Library/Frameworks/CoreGraphics.framework; sourceTree = SDKROOT; };
		62B1C3B4190D420D0027A90F /* UIKit.framework */ = {isa = PBXFileReference; lastKnownFileType = wrapper.framework; name = UIKit.framework; path = System/Library/Frameworks/UIKit.framework; sourceTree = SDKROOT; };
		62B1C3B8190D420D0027A90F /* Coding Da Vinci-Info.plist */ = {isa = PBXFileReference; lastKnownFileType = text.plist.xml; path = "Coding Da Vinci-Info.plist"; sourceTree = "<group>"; };
		62B1C3BA190D420D0027A90F /* en */ = {isa = PBXFileReference; lastKnownFileType = text.plist.strings; name = en; path = en.lproj/InfoPlist.strings; sourceTree = "<group>"; };
		62B1C3BC190D420D0027A90F /* main.m */ = {isa = PBXFileReference; lastKnownFileType = sourcecode.c.objc; path = main.m; sourceTree = "<group>"; };
		62B1C3BE190D420D0027A90F /* Coding Da Vinci-Prefix.pch */ = {isa = PBXFileReference; lastKnownFileType = sourcecode.c.h; path = "Coding Da Vinci-Prefix.pch"; sourceTree = "<group>"; };
		62B1C3BF190D420D0027A90F /* AppDelegate.h */ = {isa = PBXFileReference; lastKnownFileType = sourcecode.c.h; path = AppDelegate.h; sourceTree = "<group>"; };
		62B1C3C0190D420D0027A90F /* AppDelegate.m */ = {isa = PBXFileReference; lastKnownFileType = sourcecode.c.objc; path = AppDelegate.m; sourceTree = "<group>"; };
		62B1C3C6190D420D0027A90F /* Base */ = {isa = PBXFileReference; lastKnownFileType = file.storyboard; name = Base; path = Base.lproj/Main_iPad.storyboard; sourceTree = "<group>"; };
		62B1C3C8190D420D0027A90F /* MapViewController.h */ = {isa = PBXFileReference; lastKnownFileType = sourcecode.c.h; path = MapViewController.h; sourceTree = "<group>"; };
		62B1C3C9190D420D0027A90F /* MapViewController.m */ = {isa = PBXFileReference; lastKnownFileType = sourcecode.c.objc; path = MapViewController.m; sourceTree = "<group>"; };
		62B1C3CB190D420D0027A90F /* Images.xcassets */ = {isa = PBXFileReference; lastKnownFileType = folder.assetcatalog; path = Images.xcassets; sourceTree = "<group>"; };
		62B1C3D2190D420D0027A90F /* XCTest.framework */ = {isa = PBXFileReference; lastKnownFileType = wrapper.framework; name = XCTest.framework; path = Library/Frameworks/XCTest.framework; sourceTree = DEVELOPER_DIR; };
		62B1C3E8190D422A0027A90F /* MapKit.framework */ = {isa = PBXFileReference; lastKnownFileType = wrapper.framework; name = MapKit.framework; path = System/Library/Frameworks/MapKit.framework; sourceTree = SDKROOT; };
		62FBF643190D438200D248B6 /* ImageAnnotationView.h */ = {isa = PBXFileReference; fileEncoding = 4; lastKnownFileType = sourcecode.c.h; path = ImageAnnotationView.h; sourceTree = "<group>"; };
		62FBF644190D438200D248B6 /* ImageAnnotationView.m */ = {isa = PBXFileReference; fileEncoding = 4; lastKnownFileType = sourcecode.c.objc; path = ImageAnnotationView.m; sourceTree = "<group>"; };
		62FBF64B190D6C2D00D248B6 /* ImageAnnotation.h */ = {isa = PBXFileReference; fileEncoding = 4; lastKnownFileType = sourcecode.c.h; path = ImageAnnotation.h; sourceTree = "<group>"; };
		62FBF64C190D6C2D00D248B6 /* ImageAnnotation.m */ = {isa = PBXFileReference; fileEncoding = 4; lastKnownFileType = sourcecode.c.objc; path = ImageAnnotation.m; sourceTree = "<group>"; };
		62FBF64E190D71D100D248B6 /* Zoo_Eingang-IV-64-1294-V.jpg */ = {isa = PBXFileReference; lastKnownFileType = image.jpeg; path = "Zoo_Eingang-IV-64-1294-V.jpg"; sourceTree = "<group>"; };
		62FBF64F190D71D100D248B6 /* Ufer_Stralauer_Strasse-GHZ-78-26.jpg */ = {isa = PBXFileReference; lastKnownFileType = image.jpeg; path = "Ufer_Stralauer_Strasse-GHZ-78-26.jpg"; sourceTree = "<group>"; };
		62FBF650190D71D100D248B6 /* Schlossbrücke-VII-62-424-a-W.jpg */ = {isa = PBXFileReference; lastKnownFileType = image.jpeg; path = "Schlossbrücke-VII-62-424-a-W.jpg"; sourceTree = "<group>"; };
		62FBF651190D71D100D248B6 /* Rathaus-IV-61-1537-S.jpg */ = {isa = PBXFileReference; lastKnownFileType = image.jpeg; path = "Rathaus-IV-61-1537-S.jpg"; sourceTree = "<group>"; };
		62FBF652190D71D100D248B6 /* Platz_am_Zeughaus-VII-59-513-x.jpg */ = {isa = PBXFileReference; lastKnownFileType = image.jpeg; path = "Platz_am_Zeughaus-VII-59-513-x.jpg"; sourceTree = "<group>"; };
		62FBF653190D71D100D248B6 /* Panorama_von_Berlin-GDR-64-11-108.jpg */ = {isa = PBXFileReference; lastKnownFileType = image.jpeg; path = "Panorama_von_Berlin-GDR-64-11-108.jpg"; sourceTree = "<group>"; };
		62FBF654190D71D100D248B6 /* Nauener_Platz-GHZ-77-13.jpg */ = {isa = PBXFileReference; lastKnownFileType = image.jpeg; path = "Nauener_Platz-GHZ-77-13.jpg"; sourceTree = "<group>"; };
		62FBF655190D71D100D248B6 /* Märkisches_Museum-GE-2007-638-VF.jpg */ = {isa = PBXFileReference; lastKnownFileType = image.jpeg; path = "Märkisches_Museum-GE-2007-638-VF.jpg"; sourceTree = "<group>"; };
		62FBF656190D71D100D248B6 /* Mauerstrasse-Dreifaltigkeitskirche-GDR-71-67.jpg */ = {isa = PBXFileReference; lastKnownFileType = image.jpeg; path = "Mauerstrasse-Dreifaltigkeitskirche-GDR-71-67.jpg"; sourceTree = "<group>"; };
		62FBF657190D71D100D248B6 /* Luiseninsel_Tiergarten-GDR-76-57-45.jpg */ = {isa = PBXFileReference; lastKnownFileType = image.jpeg; path = "Luiseninsel_Tiergarten-GDR-76-57-45.jpg"; sourceTree = "<group>"; };
		62FBF658190D71D100D248B6 /* Leipziger_Platz-GDR-76-57-24.jpg */ = {isa = PBXFileReference; lastKnownFileType = image.jpeg; path = "Leipziger_Platz-GDR-76-57-24.jpg"; sourceTree = "<group>"; };
		62FBF659190D71D100D248B6 /* Landwehrkanal-GHZ-90-61.jpg */ = {isa = PBXFileReference; lastKnownFileType = image.jpeg; path = "Landwehrkanal-GHZ-90-61.jpg"; sourceTree = "<group>"; };
		62FBF65A190D71D100D248B6 /* Landsbergerplatz-IV-61-3475-V.jpg */ = {isa = PBXFileReference; lastKnownFileType = image.jpeg; path = "Landsbergerplatz-IV-61-3475-V.jpg"; sourceTree = "<group>"; };
		62FBF65B190D71D100D248B6 /* Königsstrasse-VII-60-1489-W.jpg */ = {isa = PBXFileReference; lastKnownFileType = image.jpeg; path = "Königsstrasse-VII-60-1489-W.jpg"; sourceTree = "<group>"; };
		62FBF65C190D71D100D248B6 /* Köllnischer_Fischmarkt-VII-59-29-w.jpg */ = {isa = PBXFileReference; lastKnownFileType = image.jpeg; path = "Köllnischer_Fischmarkt-VII-59-29-w.jpg"; sourceTree = "<group>"; };
		62FBF65D190D71D100D248B6 /* Jerusalemkirche-GHZ-74-14.jpg */ = {isa = PBXFileReference; lastKnownFileType = image.jpeg; path = "Jerusalemkirche-GHZ-74-14.jpg"; sourceTree = "<group>"; };
		62FBF65E190D71D100D248B6 /* Hackescher_Markt-VII-67-294-W.jpg */ = {isa = PBXFileReference; lastKnownFileType = image.jpeg; path = "Hackescher_Markt-VII-67-294-W.jpg"; sourceTree = "<group>"; };
		62FBF65F190D71D100D248B6 /* Grunewaldturm-SM-2013-1297.jpg */ = {isa = PBXFileReference; lastKnownFileType = image.jpeg; path = "Grunewaldturm-SM-2013-1297.jpg"; sourceTree = "<group>"; };
		62FBF660190D71D100D248B6 /* Fischerhütte-SM-2012-2093.jpg */ = {isa = PBXFileReference; lastKnownFileType = image.jpeg; path = "Fischerhütte-SM-2012-2093.jpg"; sourceTree = "<group>"; };
		62FBF661190D71D100D248B6 /* Filmfestspiele_Kudamm-SM-2013-1519.jpg */ = {isa = PBXFileReference; lastKnownFileType = image.jpeg; path = "Filmfestspiele_Kudamm-SM-2013-1519.jpg"; sourceTree = "<group>"; };
		62FBF662190D71D100D248B6 /* Einzug_des_Königs-GDR-64-11-216.jpg */ = {isa = PBXFileReference; lastKnownFileType = image.jpeg; path = "Einzug_des_Königs-GDR-64-11-216.jpg"; sourceTree = "<group>"; };
		62FBF663190D71D100D248B6 /* Der_Ochsen-Platz-GDR-64-11-171.jpg */ = {isa = PBXFileReference; lastKnownFileType = image.jpeg; path = "Der_Ochsen-Platz-GDR-64-11-171.jpg"; sourceTree = "<group>"; };
		62FBF664190D71D100D248B6 /* Das_Leipziger_Tor-GDR-74-55.jpg */ = {isa = PBXFileReference; lastKnownFileType = image.jpeg; path = "Das_Leipziger_Tor-GDR-74-55.jpg"; sourceTree = "<group>"; };
		62FBF665190D71D100D248B6 /* Das_Brandenburger_Tor-GDR-65-7-1.jpg */ = {isa = PBXFileReference; lastKnownFileType = image.jpeg; path = "Das_Brandenburger_Tor-GDR-65-7-1.jpg"; sourceTree = "<group>"; };
		62FBF666190D71D100D248B6 /* Cölln_Jungfernbrücke-GHZ-64-3-13.jpg */ = {isa = PBXFileReference; lastKnownFileType = image.jpeg; path = "Cölln_Jungfernbrücke-GHZ-64-3-13.jpg"; sourceTree = "<group>"; };
		62FBF667190D71D100D248B6 /* Börse-IV-61-1531-S.jpg */ = {isa = PBXFileReference; lastKnownFileType = image.jpeg; path = "Börse-IV-61-1531-S.jpg"; sourceTree = "<group>"; };
		62FBF668190D71D100D248B6 /* Blick_von_Oberbaumbrücke-VII-59-408-W.jpg */ = {isa = PBXFileReference; lastKnownFileType = image.jpeg; path = "Blick_von_Oberbaumbrücke-VII-59-408-W.jpg"; sourceTree = "<group>"; };
		62FBF669190D71D100D248B6 /* Berlin_vom_Kreuzberg_aus-GDR-69-56.jpg */ = {isa = PBXFileReference; lastKnownFileType = image.jpeg; path = "Berlin_vom_Kreuzberg_aus-GDR-69-56.jpg"; sourceTree = "<group>"; };
		62FBF66A190D71D100D248B6 /* Avus_Funkturm-SM-2013-0958.jpg */ = {isa = PBXFileReference; lastKnownFileType = image.jpeg; path = "Avus_Funkturm-SM-2013-0958.jpg"; sourceTree = "<group>"; };
		62FBF66B190D71D100D248B6 /* Hamburger_Bahnhof-VII-97-341-a-W.jpg */ = {isa = PBXFileReference; lastKnownFileType = image.jpeg; path = "Hamburger_Bahnhof-VII-97-341-a-W.jpg"; sourceTree = "<group>"; };
		62FBF66C190D71D100D248B6 /* Rondell-GHZ-74-12.jpg */ = {isa = PBXFileReference; lastKnownFileType = image.jpeg; path = "Rondell-GHZ-74-12.jpg"; sourceTree = "<group>"; };
/* End PBXFileReference section */

/* Begin PBXFrameworksBuildPhase section */
		62B1C3AA190D420D0027A90F /* Frameworks */ = {
			isa = PBXFrameworksBuildPhase;
			buildActionMask = 2147483647;
			files = (
				629A62561923F1D700DECB67 /* CoreImage.framework in Frameworks */,
				62B1C3E9190D422A0027A90F /* MapKit.framework in Frameworks */,
				62B1C3B3190D420D0027A90F /* CoreGraphics.framework in Frameworks */,
				62B1C3B5190D420D0027A90F /* UIKit.framework in Frameworks */,
				62B1C3B1190D420D0027A90F /* Foundation.framework in Frameworks */,
			);
			runOnlyForDeploymentPostprocessing = 0;
		};
/* End PBXFrameworksBuildPhase section */

/* Begin PBXGroup section */
		62B1C3A4190D420D0027A90F = {
			isa = PBXGroup;
			children = (
				62B1C3B6190D420D0027A90F /* Coding Da Vinci */,
				62B1C3AF190D420D0027A90F /* Frameworks */,
				62B1C3AE190D420D0027A90F /* Products */,
			);
			sourceTree = "<group>";
		};
		62B1C3AE190D420D0027A90F /* Products */ = {
			isa = PBXGroup;
			children = (
				62B1C3AD190D420D0027A90F /* Coding Da Vinci.app */,
			);
			name = Products;
			sourceTree = "<group>";
		};
		62B1C3AF190D420D0027A90F /* Frameworks */ = {
			isa = PBXGroup;
			children = (
				629A62551923F1D700DECB67 /* CoreImage.framework */,
				62B1C3E8190D422A0027A90F /* MapKit.framework */,
				62B1C3B0190D420D0027A90F /* Foundation.framework */,
				62B1C3B2190D420D0027A90F /* CoreGraphics.framework */,
				62B1C3B4190D420D0027A90F /* UIKit.framework */,
				62B1C3D2190D420D0027A90F /* XCTest.framework */,
			);
			name = Frameworks;
			sourceTree = "<group>";
		};
		62B1C3B6190D420D0027A90F /* Coding Da Vinci */ = {
			isa = PBXGroup;
			children = (
				62B1C3BF190D420D0027A90F /* AppDelegate.h */,
				62B1C3C0190D420D0027A90F /* AppDelegate.m */,
				62B1C3C5190D420D0027A90F /* Main_iPad.storyboard */,
				62B1C3C8190D420D0027A90F /* MapViewController.h */,
				62B1C3C9190D420D0027A90F /* MapViewController.m */,
				62FBF64B190D6C2D00D248B6 /* ImageAnnotation.h */,
				62FBF64C190D6C2D00D248B6 /* ImageAnnotation.m */,
				62FBF643190D438200D248B6 /* ImageAnnotationView.h */,
				62FBF644190D438200D248B6 /* ImageAnnotationView.m */,
				629A624E1923ECAA00DECB67 /* SwipeViewController.h */,
				629A624F1923ECAA00DECB67 /* SwipeViewController.m */,
				62B1C3CB190D420D0027A90F /* Images.xcassets */,
				62FBF646190D6B1B00D248B6 /* Images */,
				62B1C3B7190D420D0027A90F /* Supporting Files */,
			);
			path = "Coding Da Vinci";
			sourceTree = "<group>";
		};
		62B1C3B7190D420D0027A90F /* Supporting Files */ = {
			isa = PBXGroup;
			children = (
				62B1C3B8190D420D0027A90F /* Coding Da Vinci-Info.plist */,
				62B1C3B9190D420D0027A90F /* InfoPlist.strings */,
				62B1C3BC190D420D0027A90F /* main.m */,
				62B1C3BE190D420D0027A90F /* Coding Da Vinci-Prefix.pch */,
			);
			name = "Supporting Files";
			sourceTree = "<group>";
		};
		62FBF646190D6B1B00D248B6 /* Images */ = {
			isa = PBXGroup;
			children = (
				629A62511923EF9500DECB67 /* osterdeich-bremen-strandpromenade.jpg */,
				629A62521923EF9500DECB67 /* osterdeich-bremen.jpg */,
				62FBF64E190D71D100D248B6 /* Zoo_Eingang-IV-64-1294-V.jpg */,
				62FBF64F190D71D100D248B6 /* Ufer_Stralauer_Strasse-GHZ-78-26.jpg */,
				62FBF650190D71D100D248B6 /* Schlossbrücke-VII-62-424-a-W.jpg */,
				62FBF651190D71D100D248B6 /* Rathaus-IV-61-1537-S.jpg */,
				62FBF652190D71D100D248B6 /* Platz_am_Zeughaus-VII-59-513-x.jpg */,
				62FBF653190D71D100D248B6 /* Panorama_von_Berlin-GDR-64-11-108.jpg */,
				62FBF654190D71D100D248B6 /* Nauener_Platz-GHZ-77-13.jpg */,
				62FBF655190D71D100D248B6 /* Märkisches_Museum-GE-2007-638-VF.jpg */,
				62FBF656190D71D100D248B6 /* Mauerstrasse-Dreifaltigkeitskirche-GDR-71-67.jpg */,
				62FBF657190D71D100D248B6 /* Luiseninsel_Tiergarten-GDR-76-57-45.jpg */,
				62FBF658190D71D100D248B6 /* Leipziger_Platz-GDR-76-57-24.jpg */,
				62FBF659190D71D100D248B6 /* Landwehrkanal-GHZ-90-61.jpg */,
				62FBF65A190D71D100D248B6 /* Landsbergerplatz-IV-61-3475-V.jpg */,
				62FBF65B190D71D100D248B6 /* Königsstrasse-VII-60-1489-W.jpg */,
				62FBF65C190D71D100D248B6 /* Köllnischer_Fischmarkt-VII-59-29-w.jpg */,
				62FBF65D190D71D100D248B6 /* Jerusalemkirche-GHZ-74-14.jpg */,
				62FBF65E190D71D100D248B6 /* Hackescher_Markt-VII-67-294-W.jpg */,
				62FBF65F190D71D100D248B6 /* Grunewaldturm-SM-2013-1297.jpg */,
				62FBF660190D71D100D248B6 /* Fischerhütte-SM-2012-2093.jpg */,
				62FBF661190D71D100D248B6 /* Filmfestspiele_Kudamm-SM-2013-1519.jpg */,
				62FBF662190D71D100D248B6 /* Einzug_des_Königs-GDR-64-11-216.jpg */,
				62FBF663190D71D100D248B6 /* Der_Ochsen-Platz-GDR-64-11-171.jpg */,
				62FBF664190D71D100D248B6 /* Das_Leipziger_Tor-GDR-74-55.jpg */,
				62FBF665190D71D100D248B6 /* Das_Brandenburger_Tor-GDR-65-7-1.jpg */,
				62FBF666190D71D100D248B6 /* Cölln_Jungfernbrücke-GHZ-64-3-13.jpg */,
				62FBF667190D71D100D248B6 /* Börse-IV-61-1531-S.jpg */,
				62FBF668190D71D100D248B6 /* Blick_von_Oberbaumbrücke-VII-59-408-W.jpg */,
				62FBF669190D71D100D248B6 /* Berlin_vom_Kreuzberg_aus-GDR-69-56.jpg */,
				62FBF66A190D71D100D248B6 /* Avus_Funkturm-SM-2013-0958.jpg */,
				62FBF66B190D71D100D248B6 /* Hamburger_Bahnhof-VII-97-341-a-W.jpg */,
				62FBF66C190D71D100D248B6 /* Rondell-GHZ-74-12.jpg */,
			);
			path = Images;
			sourceTree = "<group>";
		};
/* End PBXGroup section */

/* Begin PBXNativeTarget section */
		62B1C3AC190D420D0027A90F /* Coding Da Vinci */ = {
			isa = PBXNativeTarget;
			buildConfigurationList = 62B1C3E2190D420E0027A90F /* Build configuration list for PBXNativeTarget "Coding Da Vinci" */;
			buildPhases = (
				62B1C3A9190D420D0027A90F /* Sources */,
				62B1C3AA190D420D0027A90F /* Frameworks */,
				62B1C3AB190D420D0027A90F /* Resources */,
			);
			buildRules = (
			);
			dependencies = (
			);
			name = "Coding Da Vinci";
			productName = "Coding Da Vinci";
			productReference = 62B1C3AD190D420D0027A90F /* Coding Da Vinci.app */;
			productType = "com.apple.product-type.application";
		};
/* End PBXNativeTarget section */

/* Begin PBXProject section */
		62B1C3A5190D420D0027A90F /* Project object */ = {
			isa = PBXProject;
			attributes = {
				LastUpgradeCheck = 0510;
				ORGANIZATIONNAME = "Claus Höfele";
			};
			buildConfigurationList = 62B1C3A8190D420D0027A90F /* Build configuration list for PBXProject "Coding Da Vinci" */;
			compatibilityVersion = "Xcode 3.2";
			developmentRegion = English;
			hasScannedForEncodings = 0;
			knownRegions = (
				en,
				Base,
			);
			mainGroup = 62B1C3A4190D420D0027A90F;
			productRefGroup = 62B1C3AE190D420D0027A90F /* Products */;
			projectDirPath = "";
			projectRoot = "";
			targets = (
				62B1C3AC190D420D0027A90F /* Coding Da Vinci */,
			);
		};
/* End PBXProject section */

/* Begin PBXResourcesBuildPhase section */
		62B1C3AB190D420D0027A90F /* Resources */ = {
			isa = PBXResourcesBuildPhase;
			buildActionMask = 2147483647;
			files = (
				62B1C3C7190D420D0027A90F /* Main_iPad.storyboard in Resources */,
				62FBF671190D71D100D248B6 /* Platz_am_Zeughaus-VII-59-513-x.jpg in Resources */,
				62B1C3CC190D420D0027A90F /* Images.xcassets in Resources */,
				62FBF673190D71D100D248B6 /* Nauener_Platz-GHZ-77-13.jpg in Resources */,
				62FBF686190D71D100D248B6 /* Börse-IV-61-1531-S.jpg in Resources */,
				62FBF681190D71D100D248B6 /* Einzug_des_Königs-GDR-64-11-216.jpg in Resources */,
				62FBF687190D71D100D248B6 /* Blick_von_Oberbaumbrücke-VII-59-408-W.jpg in Resources */,
				62FBF682190D71D100D248B6 /* Der_Ochsen-Platz-GDR-64-11-171.jpg in Resources */,
				629A62541923EF9500DECB67 /* osterdeich-bremen.jpg in Resources */,
				62FBF66E190D71D100D248B6 /* Ufer_Stralauer_Strasse-GHZ-78-26.jpg in Resources */,
				62FBF68B190D71D100D248B6 /* Rondell-GHZ-74-12.jpg in Resources */,
				62FBF684190D71D100D248B6 /* Das_Brandenburger_Tor-GDR-65-7-1.jpg in Resources */,
				62FBF675190D71D100D248B6 /* Mauerstrasse-Dreifaltigkeitskirche-GDR-71-67.jpg in Resources */,
				62FBF678190D71D100D248B6 /* Landwehrkanal-GHZ-90-61.jpg in Resources */,
				62FBF67F190D71D100D248B6 /* Fischerhütte-SM-2012-2093.jpg in Resources */,
				629A62531923EF9500DECB67 /* osterdeich-bremen-strandpromenade.jpg in Resources */,
				62FBF689190D71D100D248B6 /* Avus_Funkturm-SM-2013-0958.jpg in Resources */,
				62FBF67D190D71D100D248B6 /* Hackescher_Markt-VII-67-294-W.jpg in Resources */,
				62FBF670190D71D100D248B6 /* Rathaus-IV-61-1537-S.jpg in Resources */,
				62FBF676190D71D100D248B6 /* Luiseninsel_Tiergarten-GDR-76-57-45.jpg in Resources */,
				62FBF674190D71D100D248B6 /* Märkisches_Museum-GE-2007-638-VF.jpg in Resources */,
				62FBF67E190D71D100D248B6 /* Grunewaldturm-SM-2013-1297.jpg in Resources */,
				62FBF685190D71D100D248B6 /* Cölln_Jungfernbrücke-GHZ-64-3-13.jpg in Resources */,
				62FBF679190D71D100D248B6 /* Landsbergerplatz-IV-61-3475-V.jpg in Resources */,
				62FBF672190D71D100D248B6 /* Panorama_von_Berlin-GDR-64-11-108.jpg in Resources */,
				62FBF66F190D71D100D248B6 /* Schlossbrücke-VII-62-424-a-W.jpg in Resources */,
				62FBF68A190D71D100D248B6 /* Hamburger_Bahnhof-VII-97-341-a-W.jpg in Resources */,
				62FBF67A190D71D100D248B6 /* Königsstrasse-VII-60-1489-W.jpg in Resources */,
				62FBF688190D71D100D248B6 /* Berlin_vom_Kreuzberg_aus-GDR-69-56.jpg in Resources */,
				62FBF67B190D71D100D248B6 /* Köllnischer_Fischmarkt-VII-59-29-w.jpg in Resources */,
				62FBF677190D71D100D248B6 /* Leipziger_Platz-GDR-76-57-24.jpg in Resources */,
				62FBF683190D71D100D248B6 /* Das_Leipziger_Tor-GDR-74-55.jpg in Resources */,
				62FBF680190D71D100D248B6 /* Filmfestspiele_Kudamm-SM-2013-1519.jpg in Resources */,
				62FBF66D190D71D100D248B6 /* Zoo_Eingang-IV-64-1294-V.jpg in Resources */,
				62FBF67C190D71D100D248B6 /* Jerusalemkirche-GHZ-74-14.jpg in Resources */,
				62B1C3BB190D420D0027A90F /* InfoPlist.strings in Resources */,
			);
			runOnlyForDeploymentPostprocessing = 0;
		};
/* End PBXResourcesBuildPhase section */

/* Begin PBXSourcesBuildPhase section */
		62B1C3A9190D420D0027A90F /* Sources */ = {
			isa = PBXSourcesBuildPhase;
			buildActionMask = 2147483647;
			files = (
				62B1C3CA190D420D0027A90F /* MapViewController.m in Sources */,
				62FBF645190D438200D248B6 /* ImageAnnotationView.m in Sources */,
				62B1C3C1190D420D0027A90F /* AppDelegate.m in Sources */,
				629A62501923ECAA00DECB67 /* SwipeViewController.m in Sources */,
				62FBF64D190D6C2D00D248B6 /* ImageAnnotation.m in Sources */,
				62B1C3BD190D420D0027A90F /* main.m in Sources */,
			);
			runOnlyForDeploymentPostprocessing = 0;
		};
/* End PBXSourcesBuildPhase section */

/* Begin PBXVariantGroup section */
		62B1C3B9190D420D0027A90F /* InfoPlist.strings */ = {
			isa = PBXVariantGroup;
			children = (
				62B1C3BA190D420D0027A90F /* en */,
			);
			name = InfoPlist.strings;
			sourceTree = "<group>";
		};
		62B1C3C5190D420D0027A90F /* Main_iPad.storyboard */ = {
			isa = PBXVariantGroup;
			children = (
				62B1C3C6190D420D0027A90F /* Base */,
			);
			name = Main_iPad.storyboard;
			sourceTree = "<group>";
		};
/* End PBXVariantGroup section */

/* Begin XCBuildConfiguration section */
		62B1C3E0190D420E0027A90F /* Debug */ = {
			isa = XCBuildConfiguration;
			buildSettings = {
				ALWAYS_SEARCH_USER_PATHS = NO;
				CLANG_CXX_LANGUAGE_STANDARD = "gnu++0x";
				CLANG_CXX_LIBRARY = "libc++";
				CLANG_ENABLE_MODULES = YES;
				CLANG_ENABLE_OBJC_ARC = YES;
				CLANG_WARN_BOOL_CONVERSION = YES;
				CLANG_WARN_CONSTANT_CONVERSION = YES;
				CLANG_WARN_DIRECT_OBJC_ISA_USAGE = YES_ERROR;
				CLANG_WARN_EMPTY_BODY = YES;
				CLANG_WARN_ENUM_CONVERSION = YES;
				CLANG_WARN_INT_CONVERSION = YES;
				CLANG_WARN_OBJC_ROOT_CLASS = YES_ERROR;
				CLANG_WARN__DUPLICATE_METHOD_MATCH = YES;
				"CODE_SIGN_IDENTITY[sdk=iphoneos*]" = "iPhone Developer";
				COPY_PHASE_STRIP = NO;
				GCC_C_LANGUAGE_STANDARD = gnu99;
				GCC_DYNAMIC_NO_PIC = NO;
				GCC_OPTIMIZATION_LEVEL = 0;
				GCC_PREPROCESSOR_DEFINITIONS = (
					"DEBUG=1",
					"$(inherited)",
				);
				GCC_SYMBOLS_PRIVATE_EXTERN = NO;
				GCC_WARN_64_TO_32_BIT_CONVERSION = YES;
				GCC_WARN_ABOUT_RETURN_TYPE = YES_ERROR;
				GCC_WARN_UNDECLARED_SELECTOR = YES;
				GCC_WARN_UNINITIALIZED_AUTOS = YES_AGGRESSIVE;
				GCC_WARN_UNUSED_FUNCTION = YES;
				GCC_WARN_UNUSED_VARIABLE = YES;
				IPHONEOS_DEPLOYMENT_TARGET = 7.1;
				ONLY_ACTIVE_ARCH = YES;
				SDKROOT = iphoneos;
				TARGETED_DEVICE_FAMILY = "1,2";
			};
			name = Debug;
		};
		62B1C3E1190D420E0027A90F /* Release */ = {
			isa = XCBuildConfiguration;
			buildSettings = {
				ALWAYS_SEARCH_USER_PATHS = NO;
				CLANG_CXX_LANGUAGE_STANDARD = "gnu++0x";
				CLANG_CXX_LIBRARY = "libc++";
				CLANG_ENABLE_MODULES = YES;
				CLANG_ENABLE_OBJC_ARC = YES;
				CLANG_WARN_BOOL_CONVERSION = YES;
				CLANG_WARN_CONSTANT_CONVERSION = YES;
				CLANG_WARN_DIRECT_OBJC_ISA_USAGE = YES_ERROR;
				CLANG_WARN_EMPTY_BODY = YES;
				CLANG_WARN_ENUM_CONVERSION = YES;
				CLANG_WARN_INT_CONVERSION = YES;
				CLANG_WARN_OBJC_ROOT_CLASS = YES_ERROR;
				CLANG_WARN__DUPLICATE_METHOD_MATCH = YES;
				"CODE_SIGN_IDENTITY[sdk=iphoneos*]" = "iPhone Developer";
				COPY_PHASE_STRIP = YES;
				ENABLE_NS_ASSERTIONS = NO;
				GCC_C_LANGUAGE_STANDARD = gnu99;
				GCC_WARN_64_TO_32_BIT_CONVERSION = YES;
				GCC_WARN_ABOUT_RETURN_TYPE = YES_ERROR;
				GCC_WARN_UNDECLARED_SELECTOR = YES;
				GCC_WARN_UNINITIALIZED_AUTOS = YES_AGGRESSIVE;
				GCC_WARN_UNUSED_FUNCTION = YES;
				GCC_WARN_UNUSED_VARIABLE = YES;
				IPHONEOS_DEPLOYMENT_TARGET = 7.1;
				SDKROOT = iphoneos;
				TARGETED_DEVICE_FAMILY = "1,2";
				VALIDATE_PRODUCT = YES;
			};
			name = Release;
		};
		62B1C3E3190D420E0027A90F /* Debug */ = {
			isa = XCBuildConfiguration;
			buildSettings = {
				ASSETCATALOG_COMPILER_APPICON_NAME = AppIcon;
				ASSETCATALOG_COMPILER_LAUNCHIMAGE_NAME = LaunchImage;
				GCC_PRECOMPILE_PREFIX_HEADER = YES;
				GCC_PREFIX_HEADER = "Coding Da Vinci/Coding Da Vinci-Prefix.pch";
				INFOPLIST_FILE = "Coding Da Vinci/Coding Da Vinci-Info.plist";
				PRODUCT_NAME = "$(TARGET_NAME)";
				TARGETED_DEVICE_FAMILY = 2;
				WRAPPER_EXTENSION = app;
			};
			name = Debug;
		};
		62B1C3E4190D420E0027A90F /* Release */ = {
			isa = XCBuildConfiguration;
			buildSettings = {
				ASSETCATALOG_COMPILER_APPICON_NAME = AppIcon;
				ASSETCATALOG_COMPILER_LAUNCHIMAGE_NAME = LaunchImage;
				GCC_PRECOMPILE_PREFIX_HEADER = YES;
				GCC_PREFIX_HEADER = "Coding Da Vinci/Coding Da Vinci-Prefix.pch";
				INFOPLIST_FILE = "Coding Da Vinci/Coding Da Vinci-Info.plist";
				PRODUCT_NAME = "$(TARGET_NAME)";
				TARGETED_DEVICE_FAMILY = 2;
				WRAPPER_EXTENSION = app;
			};
			name = Release;
		};
/* End XCBuildConfiguration section */

/* Begin XCConfigurationList section */
		62B1C3A8190D420D0027A90F /* Build configuration list for PBXProject "Coding Da Vinci" */ = {
			isa = XCConfigurationList;
			buildConfigurations = (
				62B1C3E0190D420E0027A90F /* Debug */,
				62B1C3E1190D420E0027A90F /* Release */,
			);
			defaultConfigurationIsVisible = 0;
			defaultConfigurationName = Release;
		};
		62B1C3E2190D420E0027A90F /* Build configuration list for PBXNativeTarget "Coding Da Vinci" */ = {
			isa = XCConfigurationList;
			buildConfigurations = (
				62B1C3E3190D420E0027A90F /* Debug */,
				62B1C3E4190D420E0027A90F /* Release */,
			);
			defaultConfigurationIsVisible = 0;
			defaultConfigurationName = Release;
		};
/* End XCConfigurationList section */
	};
	rootObject = 62B1C3A5190D420D0027A90F /* Project object */;
}
